
Microsoft Visual Studio Solution File, Format Version 12.00
# Visual Studio 14
VisualStudioVersion = 14.0.24720.0
MinimumVisualStudioVersion = 10.0.40219.1
<<<<<<< HEAD
=======
Project("{FAE04EC0-301F-11D3-BF4B-00C04F79EFBC}") = "Obligatorio", "Obligatorio\Obligatorio.csproj", "{87C3B8F8-4A30-41CB-9AAC-0235D6F83104}"
EndProject
>>>>>>> parent of a08c9bc... no message
Project("{FAE04EC0-301F-11D3-BF4B-00C04F79EFBC}") = "Dominio", "Dominio\Dominio.csproj", "{C28722AE-D60A-4E77-8F05-BEBB34BADD64}"
EndProject
Project("{FAE04EC0-301F-11D3-BF4B-00C04F79EFBC}") = "Logica", "Logica\Logica.csproj", "{EE31ABDB-8689-4601-A92B-0F70B0194368}"
EndProject
Project("{FAE04EC0-301F-11D3-BF4B-00C04F79EFBC}") = "Persistencia", "Persistencia\Persistencia.csproj", "{1E9E1369-E2F3-4953-8D65-0609D40087AB}"
EndProject
Project("{FAE04EC0-301F-11D3-BF4B-00C04F79EFBC}") = "Pruebas", "Pruebas\Pruebas.csproj", "{529DD582-ECA9-42FE-B536-8AD32E59E4C8}"
EndProject
Project("{FAE04EC0-301F-11D3-BF4B-00C04F79EFBC}") = "Excepciones", "Excepciones\Excepciones.csproj", "{395DD12B-590C-4BF7-8C17-A52BFAAE10A8}"
EndProject
Global
	GlobalSection(SolutionConfigurationPlatforms) = preSolution
		Debug|Any CPU = Debug|Any CPU
		Release|Any CPU = Release|Any CPU
	EndGlobalSection
	GlobalSection(ProjectConfigurationPlatforms) = postSolution
		{C28722AE-D60A-4E77-8F05-BEBB34BADD64}.Debug|Any CPU.ActiveCfg = Debug|Any CPU
		{C28722AE-D60A-4E77-8F05-BEBB34BADD64}.Debug|Any CPU.Build.0 = Debug|Any CPU
		{C28722AE-D60A-4E77-8F05-BEBB34BADD64}.Release|Any CPU.ActiveCfg = Release|Any CPU
		{C28722AE-D60A-4E77-8F05-BEBB34BADD64}.Release|Any CPU.Build.0 = Release|Any CPU
		{EE31ABDB-8689-4601-A92B-0F70B0194368}.Debug|Any CPU.ActiveCfg = Debug|Any CPU
		{EE31ABDB-8689-4601-A92B-0F70B0194368}.Debug|Any CPU.Build.0 = Debug|Any CPU
		{EE31ABDB-8689-4601-A92B-0F70B0194368}.Release|Any CPU.ActiveCfg = Release|Any CPU
		{EE31ABDB-8689-4601-A92B-0F70B0194368}.Release|Any CPU.Build.0 = Release|Any CPU
		{1E9E1369-E2F3-4953-8D65-0609D40087AB}.Debug|Any CPU.ActiveCfg = Debug|Any CPU
		{1E9E1369-E2F3-4953-8D65-0609D40087AB}.Debug|Any CPU.Build.0 = Debug|Any CPU
		{1E9E1369-E2F3-4953-8D65-0609D40087AB}.Release|Any CPU.ActiveCfg = Release|Any CPU
		{1E9E1369-E2F3-4953-8D65-0609D40087AB}.Release|Any CPU.Build.0 = Release|Any CPU
		{529DD582-ECA9-42FE-B536-8AD32E59E4C8}.Debug|Any CPU.ActiveCfg = Debug|Any CPU
		{529DD582-ECA9-42FE-B536-8AD32E59E4C8}.Debug|Any CPU.Build.0 = Debug|Any CPU
		{529DD582-ECA9-42FE-B536-8AD32E59E4C8}.Release|Any CPU.ActiveCfg = Release|Any CPU
		{529DD582-ECA9-42FE-B536-8AD32E59E4C8}.Release|Any CPU.Build.0 = Release|Any CPU
		{395DD12B-590C-4BF7-8C17-A52BFAAE10A8}.Debug|Any CPU.ActiveCfg = Debug|Any CPU
		{395DD12B-590C-4BF7-8C17-A52BFAAE10A8}.Debug|Any CPU.Build.0 = Debug|Any CPU
		{395DD12B-590C-4BF7-8C17-A52BFAAE10A8}.Release|Any CPU.ActiveCfg = Release|Any CPU
		{395DD12B-590C-4BF7-8C17-A52BFAAE10A8}.Release|Any CPU.Build.0 = Release|Any CPU
	EndGlobalSection
	GlobalSection(SolutionProperties) = preSolution
		HideSolutionNode = FALSE
	EndGlobalSection
EndGlobal
